
Microsoft Visual Studio Solution File, Format Version 12.00
# Visual Studio Version 16
VisualStudioVersion = 16.0.809.9
MinimumVisualStudioVersion = 10.0.40219.1
Project("{FAE04EC0-301F-11D3-BF4B-00C04F79EFBC}") = "WeatherApp.Android", "WeatherApp.Android\WeatherApp.Android.csproj", "{2A535231-1705-4BF1-9B1D-418C779CAFA4}"
EndProject
Project("{FAE04EC0-301F-11D3-BF4B-00C04F79EFBC}") = "WeatherApp", "WeatherApp\WeatherApp.csproj", "{94DF61A2-B207-468A-B12E-F0E7A9F0348A}"
EndProject
Global
	GlobalSection(SolutionConfigurationPlatforms) = preSolution
		Debug|Any CPU = Debug|Any CPU
		Release|Any CPU = Release|Any CPU
	EndGlobalSection
	GlobalSection(ProjectConfigurationPlatforms) = postSolution
		{2A535231-1705-4BF1-9B1D-418C779CAFA4}.Debug|Any CPU.ActiveCfg = Debug|Any CPU
		{2A535231-1705-4BF1-9B1D-418C779CAFA4}.Debug|Any CPU.Build.0 = Debug|Any CPU
		{2A535231-1705-4BF1-9B1D-418C779CAFA4}.Release|Any CPU.ActiveCfg = Release|Any CPU
		{2A535231-1705-4BF1-9B1D-418C779CAFA4}.Release|Any CPU.Build.0 = Release|Any CPU
		{94DF61A2-B207-468A-B12E-F0E7A9F0348A}.Debug|Any CPU.ActiveCfg = Debug|Any CPU
		{94DF61A2-B207-468A-B12E-F0E7A9F0348A}.Debug|Any CPU.Build.0 = Debug|Any CPU
		{94DF61A2-B207-468A-B12E-F0E7A9F0348A}.Release|Any CPU.ActiveCfg = Release|Any CPU
		{94DF61A2-B207-468A-B12E-F0E7A9F0348A}.Release|Any CPU.Build.0 = Release|Any CPU
	EndGlobalSection
	GlobalSection(SolutionProperties) = preSolution
		HideSolutionNode = FALSE
	EndGlobalSection
	GlobalSection(ExtensibilityGlobals) = postSolution
		SolutionGuid = {E34E115A-93D2-485D-9F14-EBF56984AFE8}
	EndGlobalSection
EndGlobal
